// !$*UTF8*$!
{
	archiveVersion = 1;
	classes = {
	};
	objectVersion = 51;
	objects = {

/* Begin PBXBuildFile section */
		655714B224851A6B007AC8A0 /* LoginViewController.swift in Sources */ = {isa = PBXBuildFile; fileRef = 655714B124851A6B007AC8A0 /* LoginViewController.swift */; };
		655714B4248571BC007AC8A0 /* QuizListController.swift in Sources */ = {isa = PBXBuildFile; fileRef = 655714B3248571BC007AC8A0 /* QuizListController.swift */; };
		655A468B2490B915004625EF /* Results.swift in Sources */ = {isa = PBXBuildFile; fileRef = 655A468A2490B915004625EF /* Results.swift */; };
		655CDE532474A7460002B34F /* Category.swift in Sources */ = {isa = PBXBuildFile; fileRef = 655CDE522474A7460002B34F /* Category.swift */; };
		655CDE552474A83A0002B34F /* Structure.swift in Sources */ = {isa = PBXBuildFile; fileRef = 655CDE542474A8390002B34F /* Structure.swift */; };
		65855B22246747790042590C /* AppDelegate.swift in Sources */ = {isa = PBXBuildFile; fileRef = 65855B21246747790042590C /* AppDelegate.swift */; };
		65855B24246747790042590C /* SceneDelegate.swift in Sources */ = {isa = PBXBuildFile; fileRef = 65855B23246747790042590C /* SceneDelegate.swift */; };
		65855B26246747790042590C /* ViewController.swift in Sources */ = {isa = PBXBuildFile; fileRef = 65855B25246747790042590C /* ViewController.swift */; };
		65855B2B2467477D0042590C /* Assets.xcassets in Resources */ = {isa = PBXBuildFile; fileRef = 65855B2A2467477D0042590C /* Assets.xcassets */; };
		65855B2E2467477D0042590C /* LaunchScreen.storyboard in Resources */ = {isa = PBXBuildFile; fileRef = 65855B2C2467477D0042590C /* LaunchScreen.storyboard */; };
		65855B3724675E990042590C /* QuestionView.swift in Sources */ = {isa = PBXBuildFile; fileRef = 65855B3624675E990042590C /* QuestionView.swift */; };
		65855B39246764D90042590C /* Network.swift in Sources */ = {isa = PBXBuildFile; fileRef = 65855B38246764D90042590C /* Network.swift */; };
		659D8552249FA9D900EC909C /* SettingsScreenController.swift in Sources */ = {isa = PBXBuildFile; fileRef = 659D8551249FA9D900EC909C /* SettingsScreenController.swift */; };
		659D8554249FCF8800EC909C /* SearchScreenController.swift in Sources */ = {isa = PBXBuildFile; fileRef = 659D8553249FCF8800EC909C /* SearchScreenController.swift */; };
		65A69E2224890DED004A6191 /* QuizTableSectionHeader.swift in Sources */ = {isa = PBXBuildFile; fileRef = 65A69E2124890DED004A6191 /* QuizTableSectionHeader.swift */; };
		65A69E242489139A004A6191 /* QuizTableViewCell.swift in Sources */ = {isa = PBXBuildFile; fileRef = 65A69E232489139A004A6191 /* QuizTableViewCell.swift */; };
		65A69E2724897F10004A6191 /* QuizTableFooter.swift in Sources */ = {isa = PBXBuildFile; fileRef = 65A69E2624897F10004A6191 /* QuizTableFooter.swift */; };
		65D9E8BC248D241A00C6D614 /* QuizScreenViewController.swift in Sources */ = {isa = PBXBuildFile; fileRef = 65D9E8BB248D241A00C6D614 /* QuizScreenViewController.swift */; };
		65EA3950249CD70C00FD9CB0 /* TabBarController.swift in Sources */ = {isa = PBXBuildFile; fileRef = 65EA394F249CD70C00FD9CB0 /* TabBarController.swift */; };
		65EA3952249E922E00FD9CB0 /* TopResults.swift in Sources */ = {isa = PBXBuildFile; fileRef = 65EA3951249E922E00FD9CB0 /* TopResults.swift */; };
		65EA3954249F5D0C00FD9CB0 /* LeaderboardController.swift in Sources */ = {isa = PBXBuildFile; fileRef = 65EA3953249F5D0C00FD9CB0 /* LeaderboardController.swift */; };
		65EA3956249F75CC00FD9CB0 /* ResultsCellTableViewCell.swift in Sources */ = {isa = PBXBuildFile; fileRef = 65EA3955249F75CC00FD9CB0 /* ResultsCellTableViewCell.swift */; };
		65EA3958249F80A200FD9CB0 /* ResultTableHeader.swift in Sources */ = {isa = PBXBuildFile; fileRef = 65EA3957249F80A200FD9CB0 /* ResultTableHeader.swift */; };
		78242B4161CE256D7347F357 /* Pods_QuizApp.framework in Frameworks */ = {isa = PBXBuildFile; fileRef = 26057B99C6EA919F1E21BA09 /* Pods_QuizApp.framework */; };
/* End PBXBuildFile section */

/* Begin PBXFileReference section */
		162D6C67807AD656E35F6310 /* Pods-QuizApp.debug.xcconfig */ = {isa = PBXFileReference; includeInIndex = 1; lastKnownFileType = text.xcconfig; name = "Pods-QuizApp.debug.xcconfig"; path = "Target Support Files/Pods-QuizApp/Pods-QuizApp.debug.xcconfig"; sourceTree = "<group>"; };
		26057B99C6EA919F1E21BA09 /* Pods_QuizApp.framework */ = {isa = PBXFileReference; explicitFileType = wrapper.framework; includeInIndex = 0; path = Pods_QuizApp.framework; sourceTree = BUILT_PRODUCTS_DIR; };
		655714B124851A6B007AC8A0 /* LoginViewController.swift */ = {isa = PBXFileReference; lastKnownFileType = sourcecode.swift; path = LoginViewController.swift; sourceTree = "<group>"; };
		655714B3248571BC007AC8A0 /* QuizListController.swift */ = {isa = PBXFileReference; lastKnownFileType = sourcecode.swift; path = QuizListController.swift; sourceTree = "<group>"; };
		655A468A2490B915004625EF /* Results.swift */ = {isa = PBXFileReference; lastKnownFileType = sourcecode.swift; path = Results.swift; sourceTree = "<group>"; };
		655CDE522474A7460002B34F /* Category.swift */ = {isa = PBXFileReference; lastKnownFileType = sourcecode.swift; path = Category.swift; sourceTree = "<group>"; };
		655CDE542474A8390002B34F /* Structure.swift */ = {isa = PBXFileReference; lastKnownFileType = sourcecode.swift; path = Structure.swift; sourceTree = "<group>"; };
		65855B1E246747790042590C /* QuizApp.app */ = {isa = PBXFileReference; explicitFileType = wrapper.application; includeInIndex = 0; path = QuizApp.app; sourceTree = BUILT_PRODUCTS_DIR; };
		65855B21246747790042590C /* AppDelegate.swift */ = {isa = PBXFileReference; lastKnownFileType = sourcecode.swift; path = AppDelegate.swift; sourceTree = "<group>"; };
		65855B23246747790042590C /* SceneDelegate.swift */ = {isa = PBXFileReference; lastKnownFileType = sourcecode.swift; path = SceneDelegate.swift; sourceTree = "<group>"; };
		65855B25246747790042590C /* ViewController.swift */ = {isa = PBXFileReference; lastKnownFileType = sourcecode.swift; path = ViewController.swift; sourceTree = "<group>"; };
		65855B2A2467477D0042590C /* Assets.xcassets */ = {isa = PBXFileReference; lastKnownFileType = folder.assetcatalog; path = Assets.xcassets; sourceTree = "<group>"; };
		65855B2D2467477D0042590C /* Base */ = {isa = PBXFileReference; lastKnownFileType = file.storyboard; name = Base; path = Base.lproj/LaunchScreen.storyboard; sourceTree = "<group>"; };
		65855B2F2467477D0042590C /* Info.plist */ = {isa = PBXFileReference; lastKnownFileType = text.plist.xml; path = Info.plist; sourceTree = "<group>"; };
		65855B3624675E990042590C /* QuestionView.swift */ = {isa = PBXFileReference; lastKnownFileType = sourcecode.swift; path = QuestionView.swift; sourceTree = "<group>"; };
		65855B38246764D90042590C /* Network.swift */ = {isa = PBXFileReference; lastKnownFileType = sourcecode.swift; path = Network.swift; sourceTree = "<group>"; };
		659D8551249FA9D900EC909C /* SettingsScreenController.swift */ = {isa = PBXFileReference; lastKnownFileType = sourcecode.swift; path = SettingsScreenController.swift; sourceTree = "<group>"; };
		659D8553249FCF8800EC909C /* SearchScreenController.swift */ = {isa = PBXFileReference; lastKnownFileType = sourcecode.swift; path = SearchScreenController.swift; sourceTree = "<group>"; };
		65A69E2124890DED004A6191 /* QuizTableSectionHeader.swift */ = {isa = PBXFileReference; lastKnownFileType = sourcecode.swift; path = QuizTableSectionHeader.swift; sourceTree = "<group>"; };
		65A69E232489139A004A6191 /* QuizTableViewCell.swift */ = {isa = PBXFileReference; lastKnownFileType = sourcecode.swift; path = QuizTableViewCell.swift; sourceTree = "<group>"; };
		65A69E2624897F10004A6191 /* QuizTableFooter.swift */ = {isa = PBXFileReference; lastKnownFileType = sourcecode.swift; path = QuizTableFooter.swift; sourceTree = "<group>"; };
		65D9E8BB248D241A00C6D614 /* QuizScreenViewController.swift */ = {isa = PBXFileReference; lastKnownFileType = sourcecode.swift; path = QuizScreenViewController.swift; sourceTree = "<group>"; };
		65EA394F249CD70C00FD9CB0 /* TabBarController.swift */ = {isa = PBXFileReference; lastKnownFileType = sourcecode.swift; path = TabBarController.swift; sourceTree = "<group>"; };
		65EA3951249E922E00FD9CB0 /* TopResults.swift */ = {isa = PBXFileReference; lastKnownFileType = sourcecode.swift; path = TopResults.swift; sourceTree = "<group>"; };
		65EA3953249F5D0C00FD9CB0 /* LeaderboardController.swift */ = {isa = PBXFileReference; lastKnownFileType = sourcecode.swift; path = LeaderboardController.swift; sourceTree = "<group>"; };
		65EA3955249F75CC00FD9CB0 /* ResultsCellTableViewCell.swift */ = {isa = PBXFileReference; lastKnownFileType = sourcecode.swift; path = ResultsCellTableViewCell.swift; sourceTree = "<group>"; };
		65EA3957249F80A200FD9CB0 /* ResultTableHeader.swift */ = {isa = PBXFileReference; lastKnownFileType = sourcecode.swift; path = ResultTableHeader.swift; sourceTree = "<group>"; };
		95A9058A2D4F3CA7FA7249B4 /* Pods-QuizApp.release.xcconfig */ = {isa = PBXFileReference; includeInIndex = 1; lastKnownFileType = text.xcconfig; name = "Pods-QuizApp.release.xcconfig"; path = "Target Support Files/Pods-QuizApp/Pods-QuizApp.release.xcconfig"; sourceTree = "<group>"; };
/* End PBXFileReference section */

/* Begin PBXFrameworksBuildPhase section */
		65855B1B246747790042590C /* Frameworks */ = {
			isa = PBXFrameworksBuildPhase;
			buildActionMask = 2147483647;
			files = (
				78242B4161CE256D7347F357 /* Pods_QuizApp.framework in Frameworks */,
			);
			runOnlyForDeploymentPostprocessing = 0;
		};
/* End PBXFrameworksBuildPhase section */

/* Begin PBXGroup section */
		199188F8B1F8C901616D76BF /* Frameworks */ = {
			isa = PBXGroup;
			children = (
				26057B99C6EA919F1E21BA09 /* Pods_QuizApp.framework */,
			);
			name = Frameworks;
			sourceTree = "<group>";
		};
		655A468324900A89004625EF /* QuizTableViews */ = {
			isa = PBXGroup;
			children = (
				65A69E2624897F10004A6191 /* QuizTableFooter.swift */,
				65A69E232489139A004A6191 /* QuizTableViewCell.swift */,
				65A69E2124890DED004A6191 /* QuizTableSectionHeader.swift */,
			);
			path = QuizTableViews;
			sourceTree = "<group>";
		};
		655A468424900AB5004625EF /* Models */ = {
			isa = PBXGroup;
			children = (
				655CDE542474A8390002B34F /* Structure.swift */,
				655CDE522474A7460002B34F /* Category.swift */,
			);
			path = Models;
			sourceTree = "<group>";
		};
		655A468524900ACB004625EF /* Controllers */ = {
			isa = PBXGroup;
			children = (
				655714B3248571BC007AC8A0 /* QuizListController.swift */,
				65D9E8BB248D241A00C6D614 /* QuizScreenViewController.swift */,
				65855B25246747790042590C /* ViewController.swift */,
				655714B124851A6B007AC8A0 /* LoginViewController.swift */,
				65EA394F249CD70C00FD9CB0 /* TabBarController.swift */,
				65EA3953249F5D0C00FD9CB0 /* LeaderboardController.swift */,
				659D8551249FA9D900EC909C /* SettingsScreenController.swift */,
				659D8553249FCF8800EC909C /* SearchScreenController.swift */,
			);
			path = Controllers;
			sourceTree = "<group>";
		};
		655A468C2490C0E8004625EF /* Services */ = {
			isa = PBXGroup;
			children = (
				65855B38246764D90042590C /* Network.swift */,
				655A468A2490B915004625EF /* Results.swift */,
				65EA3951249E922E00FD9CB0 /* TopResults.swift */,
			);
			path = Services;
			sourceTree = "<group>";
		};
		65855B15246747790042590C = {
			isa = PBXGroup;
			children = (
				65855B20246747790042590C /* QuizApp */,
				65855B1F246747790042590C /* Products */,
				7F63F97F2B3394BFF631D575 /* Pods */,
				199188F8B1F8C901616D76BF /* Frameworks */,
			);
			sourceTree = "<group>";
		};
		65855B1F246747790042590C /* Products */ = {
			isa = PBXGroup;
			children = (
				65855B1E246747790042590C /* QuizApp.app */,
			);
			name = Products;
			sourceTree = "<group>";
		};
		65855B20246747790042590C /* QuizApp */ = {
			isa = PBXGroup;
			children = (
				655A468C2490C0E8004625EF /* Services */,
				655A468524900ACB004625EF /* Controllers */,
				655A468424900AB5004625EF /* Models */,
				655A468324900A89004625EF /* QuizTableViews */,
				65855B3524675E5C0042590C /* CustomViews */,
				65855B21246747790042590C /* AppDelegate.swift */,
				65855B23246747790042590C /* SceneDelegate.swift */,
				65855B2A2467477D0042590C /* Assets.xcassets */,
				65855B2C2467477D0042590C /* LaunchScreen.storyboard */,
				65855B2F2467477D0042590C /* Info.plist */,
				65EA3955249F75CC00FD9CB0 /* ResultsCellTableViewCell.swift */,
				65EA3957249F80A200FD9CB0 /* ResultTableHeader.swift */,
			);
			path = QuizApp;
			sourceTree = "<group>";
		};
		65855B3524675E5C0042590C /* CustomViews */ = {
			isa = PBXGroup;
			children = (
				65855B3624675E990042590C /* QuestionView.swift */,
			);
			path = CustomViews;
			sourceTree = "<group>";
		};
		7F63F97F2B3394BFF631D575 /* Pods */ = {
			isa = PBXGroup;
			children = (
				162D6C67807AD656E35F6310 /* Pods-QuizApp.debug.xcconfig */,
				95A9058A2D4F3CA7FA7249B4 /* Pods-QuizApp.release.xcconfig */,
			);
			path = Pods;
			sourceTree = "<group>";
		};
/* End PBXGroup section */

/* Begin PBXNativeTarget section */
		65855B1D246747790042590C /* QuizApp */ = {
			isa = PBXNativeTarget;
			buildConfigurationList = 65855B322467477D0042590C /* Build configuration list for PBXNativeTarget "QuizApp" */;
			buildPhases = (
				09F4ABC351A8FB578A871175 /* [CP] Check Pods Manifest.lock */,
				65855B1A246747790042590C /* Sources */,
				65855B1B246747790042590C /* Frameworks */,
				65855B1C246747790042590C /* Resources */,
				C940F201D5B5D72C9E0B158A /* [CP] Embed Pods Frameworks */,
			);
			buildRules = (
			);
			dependencies = (
			);
			name = QuizApp;
			productName = QuizApp;
			productReference = 65855B1E246747790042590C /* QuizApp.app */;
			productType = "com.apple.product-type.application";
		};
/* End PBXNativeTarget section */

/* Begin PBXProject section */
		65855B16246747790042590C /* Project object */ = {
			isa = PBXProject;
			attributes = {
				LastSwiftUpdateCheck = 1140;
				LastUpgradeCheck = 1140;
				ORGANIZATIONNAME = "Andrea Omićević";
				TargetAttributes = {
					65855B1D246747790042590C = {
						CreatedOnToolsVersion = 11.4.1;
					};
				};
			};
			buildConfigurationList = 65855B19246747790042590C /* Build configuration list for PBXProject "QuizApp" */;
			compatibilityVersion = "Xcode 9.3";
			developmentRegion = en;
			hasScannedForEncodings = 0;
			knownRegions = (
				en,
				Base,
			);
			mainGroup = 65855B15246747790042590C;
			productRefGroup = 65855B1F246747790042590C /* Products */;
			projectDirPath = "";
			projectRoot = "";
			targets = (
				65855B1D246747790042590C /* QuizApp */,
			);
		};
/* End PBXProject section */

/* Begin PBXResourcesBuildPhase section */
		65855B1C246747790042590C /* Resources */ = {
			isa = PBXResourcesBuildPhase;
			buildActionMask = 2147483647;
			files = (
				65855B2E2467477D0042590C /* LaunchScreen.storyboard in Resources */,
				65855B2B2467477D0042590C /* Assets.xcassets in Resources */,
			);
			runOnlyForDeploymentPostprocessing = 0;
		};
/* End PBXResourcesBuildPhase section */

/* Begin PBXShellScriptBuildPhase section */
		09F4ABC351A8FB578A871175 /* [CP] Check Pods Manifest.lock */ = {
			isa = PBXShellScriptBuildPhase;
			buildActionMask = 2147483647;
			files = (
			);
			inputFileListPaths = (
			);
			inputPaths = (
				"${PODS_PODFILE_DIR_PATH}/Podfile.lock",
				"${PODS_ROOT}/Manifest.lock",
			);
			name = "[CP] Check Pods Manifest.lock";
			outputFileListPaths = (
			);
			outputPaths = (
				"$(DERIVED_FILE_DIR)/Pods-QuizApp-checkManifestLockResult.txt",
			);
			runOnlyForDeploymentPostprocessing = 0;
			shellPath = /bin/sh;
			shellScript = "diff \"${PODS_PODFILE_DIR_PATH}/Podfile.lock\" \"${PODS_ROOT}/Manifest.lock\" > /dev/null\nif [ $? != 0 ] ; then\n    # print error to STDERR\n    echo \"error: The sandbox is not in sync with the Podfile.lock. Run 'pod install' or update your CocoaPods installation.\" >&2\n    exit 1\nfi\n# This output is used by Xcode 'outputs' to avoid re-running this script phase.\necho \"SUCCESS\" > \"${SCRIPT_OUTPUT_FILE_0}\"\n";
			showEnvVarsInLog = 0;
		};
		C940F201D5B5D72C9E0B158A /* [CP] Embed Pods Frameworks */ = {
			isa = PBXShellScriptBuildPhase;
			buildActionMask = 2147483647;
			files = (
			);
			inputFileListPaths = (
				"${PODS_ROOT}/Target Support Files/Pods-QuizApp/Pods-QuizApp-frameworks-${CONFIGURATION}-input-files.xcfilelist",
			);
			name = "[CP] Embed Pods Frameworks";
			outputFileListPaths = (
				"${PODS_ROOT}/Target Support Files/Pods-QuizApp/Pods-QuizApp-frameworks-${CONFIGURATION}-output-files.xcfilelist",
			);
			runOnlyForDeploymentPostprocessing = 0;
			shellPath = /bin/sh;
			shellScript = "\"${PODS_ROOT}/Target Support Files/Pods-QuizApp/Pods-QuizApp-frameworks.sh\"\n";
			showEnvVarsInLog = 0;
		};
/* End PBXShellScriptBuildPhase section */

/* Begin PBXSourcesBuildPhase section */
		65855B1A246747790042590C /* Sources */ = {
			isa = PBXSourcesBuildPhase;
			buildActionMask = 2147483647;
			files = (
				65EA3952249E922E00FD9CB0 /* TopResults.swift in Sources */,
				655714B4248571BC007AC8A0 /* QuizListController.swift in Sources */,
				65855B39246764D90042590C /* Network.swift in Sources */,
				65D9E8BC248D241A00C6D614 /* QuizScreenViewController.swift in Sources */,
				65EA3950249CD70C00FD9CB0 /* TabBarController.swift in Sources */,
				65855B3724675E990042590C /* QuestionView.swift in Sources */,
				65855B26246747790042590C /* ViewController.swift in Sources */,
				659D8554249FCF8800EC909C /* SearchScreenController.swift in Sources */,
				65A69E2724897F10004A6191 /* QuizTableFooter.swift in Sources */,
				65A69E2224890DED004A6191 /* QuizTableSectionHeader.swift in Sources */,
				65855B22246747790042590C /* AppDelegate.swift in Sources */,
				65A69E242489139A004A6191 /* QuizTableViewCell.swift in Sources */,
				65EA3954249F5D0C00FD9CB0 /* LeaderboardController.swift in Sources */,
				655714B224851A6B007AC8A0 /* LoginViewController.swift in Sources */,
				655A468B2490B915004625EF /* Results.swift in Sources */,
				659D8552249FA9D900EC909C /* SettingsScreenController.swift in Sources */,
				65855B24246747790042590C /* SceneDelegate.swift in Sources */,
				65EA3958249F80A200FD9CB0 /* ResultTableHeader.swift in Sources */,
				655CDE552474A83A0002B34F /* Structure.swift in Sources */,
				65EA3956249F75CC00FD9CB0 /* ResultsCellTableViewCell.swift in Sources */,
				655CDE532474A7460002B34F /* Category.swift in Sources */,
			);
			runOnlyForDeploymentPostprocessing = 0;
		};
/* End PBXSourcesBuildPhase section */

/* Begin PBXVariantGroup section */
		65855B2C2467477D0042590C /* LaunchScreen.storyboard */ = {
			isa = PBXVariantGroup;
			children = (
				65855B2D2467477D0042590C /* Base */,
			);
			name = LaunchScreen.storyboard;
			sourceTree = "<group>";
		};
/* End PBXVariantGroup section */

/* Begin XCBuildConfiguration section */
		65855B302467477D0042590C /* Debug */ = {
			isa = XCBuildConfiguration;
			buildSettings = {
				ALWAYS_SEARCH_USER_PATHS = NO;
				CLANG_ANALYZER_NONNULL = YES;
				CLANG_ANALYZER_NUMBER_OBJECT_CONVERSION = YES_AGGRESSIVE;
				CLANG_CXX_LANGUAGE_STANDARD = "gnu++14";
				CLANG_CXX_LIBRARY = "libc++";
				CLANG_ENABLE_MODULES = YES;
				CLANG_ENABLE_OBJC_ARC = YES;
				CLANG_ENABLE_OBJC_WEAK = YES;
				CLANG_WARN_BLOCK_CAPTURE_AUTORELEASING = YES;
				CLANG_WARN_BOOL_CONVERSION = YES;
				CLANG_WARN_COMMA = YES;
				CLANG_WARN_CONSTANT_CONVERSION = YES;
				CLANG_WARN_DEPRECATED_OBJC_IMPLEMENTATIONS = YES;
				CLANG_WARN_DIRECT_OBJC_ISA_USAGE = YES_ERROR;
				CLANG_WARN_DOCUMENTATION_COMMENTS = YES;
				CLANG_WARN_EMPTY_BODY = YES;
				CLANG_WARN_ENUM_CONVERSION = YES;
				CLANG_WARN_INFINITE_RECURSION = YES;
				CLANG_WARN_INT_CONVERSION = YES;
				CLANG_WARN_NON_LITERAL_NULL_CONVERSION = YES;
				CLANG_WARN_OBJC_IMPLICIT_RETAIN_SELF = YES;
				CLANG_WARN_OBJC_LITERAL_CONVERSION = YES;
				CLANG_WARN_OBJC_ROOT_CLASS = YES_ERROR;
				CLANG_WARN_RANGE_LOOP_ANALYSIS = YES;
				CLANG_WARN_STRICT_PROTOTYPES = YES;
				CLANG_WARN_SUSPICIOUS_MOVE = YES;
				CLANG_WARN_UNGUARDED_AVAILABILITY = YES_AGGRESSIVE;
				CLANG_WARN_UNREACHABLE_CODE = YES;
				CLANG_WARN__DUPLICATE_METHOD_MATCH = YES;
				COPY_PHASE_STRIP = NO;
				DEBUG_INFORMATION_FORMAT = dwarf;
				ENABLE_STRICT_OBJC_MSGSEND = YES;
				ENABLE_TESTABILITY = YES;
				GCC_C_LANGUAGE_STANDARD = gnu11;
				GCC_DYNAMIC_NO_PIC = NO;
				GCC_NO_COMMON_BLOCKS = YES;
				GCC_OPTIMIZATION_LEVEL = 0;
				GCC_PREPROCESSOR_DEFINITIONS = (
					"DEBUG=1",
					"$(inherited)",
				);
				GCC_WARN_64_TO_32_BIT_CONVERSION = YES;
				GCC_WARN_ABOUT_RETURN_TYPE = YES_ERROR;
				GCC_WARN_UNDECLARED_SELECTOR = YES;
				GCC_WARN_UNINITIALIZED_AUTOS = YES_AGGRESSIVE;
				GCC_WARN_UNUSED_FUNCTION = YES;
				GCC_WARN_UNUSED_VARIABLE = YES;
				IPHONEOS_DEPLOYMENT_TARGET = 13.4;
				MTL_ENABLE_DEBUG_INFO = INCLUDE_SOURCE;
				MTL_FAST_MATH = YES;
				ONLY_ACTIVE_ARCH = YES;
				SDKROOT = iphoneos;
				SWIFT_ACTIVE_COMPILATION_CONDITIONS = DEBUG;
				SWIFT_OPTIMIZATION_LEVEL = "-Onone";
			};
			name = Debug;
		};
		65855B312467477D0042590C /* Release */ = {
			isa = XCBuildConfiguration;
			buildSettings = {
				ALWAYS_SEARCH_USER_PATHS = NO;
				CLANG_ANALYZER_NONNULL = YES;
				CLANG_ANALYZER_NUMBER_OBJECT_CONVERSION = YES_AGGRESSIVE;
				CLANG_CXX_LANGUAGE_STANDARD = "gnu++14";
				CLANG_CXX_LIBRARY = "libc++";
				CLANG_ENABLE_MODULES = YES;
				CLANG_ENABLE_OBJC_ARC = YES;
				CLANG_ENABLE_OBJC_WEAK = YES;
				CLANG_WARN_BLOCK_CAPTURE_AUTORELEASING = YES;
				CLANG_WARN_BOOL_CONVERSION = YES;
				CLANG_WARN_COMMA = YES;
				CLANG_WARN_CONSTANT_CONVERSION = YES;
				CLANG_WARN_DEPRECATED_OBJC_IMPLEMENTATIONS = YES;
				CLANG_WARN_DIRECT_OBJC_ISA_USAGE = YES_ERROR;
				CLANG_WARN_DOCUMENTATION_COMMENTS = YES;
				CLANG_WARN_EMPTY_BODY = YES;
				CLANG_WARN_ENUM_CONVERSION = YES;
				CLANG_WARN_INFINITE_RECURSION = YES;
				CLANG_WARN_INT_CONVERSION = YES;
				CLANG_WARN_NON_LITERAL_NULL_CONVERSION = YES;
				CLANG_WARN_OBJC_IMPLICIT_RETAIN_SELF = YES;
				CLANG_WARN_OBJC_LITERAL_CONVERSION = YES;
				CLANG_WARN_OBJC_ROOT_CLASS = YES_ERROR;
				CLANG_WARN_RANGE_LOOP_ANALYSIS = YES;
				CLANG_WARN_STRICT_PROTOTYPES = YES;
				CLANG_WARN_SUSPICIOUS_MOVE = YES;
				CLANG_WARN_UNGUARDED_AVAILABILITY = YES_AGGRESSIVE;
				CLANG_WARN_UNREACHABLE_CODE = YES;
				CLANG_WARN__DUPLICATE_METHOD_MATCH = YES;
				COPY_PHASE_STRIP = NO;
				DEBUG_INFORMATION_FORMAT = "dwarf-with-dsym";
				ENABLE_NS_ASSERTIONS = NO;
				ENABLE_STRICT_OBJC_MSGSEND = YES;
				GCC_C_LANGUAGE_STANDARD = gnu11;
				GCC_NO_COMMON_BLOCKS = YES;
				GCC_WARN_64_TO_32_BIT_CONVERSION = YES;
				GCC_WARN_ABOUT_RETURN_TYPE = YES_ERROR;
				GCC_WARN_UNDECLARED_SELECTOR = YES;
				GCC_WARN_UNINITIALIZED_AUTOS = YES_AGGRESSIVE;
				GCC_WARN_UNUSED_FUNCTION = YES;
				GCC_WARN_UNUSED_VARIABLE = YES;
				IPHONEOS_DEPLOYMENT_TARGET = 13.4;
				MTL_ENABLE_DEBUG_INFO = NO;
				MTL_FAST_MATH = YES;
				SDKROOT = iphoneos;
				SWIFT_COMPILATION_MODE = wholemodule;
				SWIFT_OPTIMIZATION_LEVEL = "-O";
				VALIDATE_PRODUCT = YES;
			};
			name = Release;
		};
		65855B332467477D0042590C /* Debug */ = {
			isa = XCBuildConfiguration;
			baseConfigurationReference = 162D6C67807AD656E35F6310 /* Pods-QuizApp.debug.xcconfig */;
			buildSettings = {
				ASSETCATALOG_COMPILER_APPICON_NAME = AppIcon;
				CODE_SIGN_STYLE = Automatic;
				INFOPLIST_FILE = QuizApp/Info.plist;
				LD_RUNPATH_SEARCH_PATHS = (
					"$(inherited)",
					"@executable_path/Frameworks",
				);
				PRODUCT_BUNDLE_IDENTIFIER = com.omi.QuizApp;
				PRODUCT_NAME = "$(TARGET_NAME)";
				SWIFT_VERSION = 5.0;
				TARGETED_DEVICE_FAMILY = "1,2";
			};
			name = Debug;
		};
		65855B342467477D0042590C /* Release */ = {
			isa = XCBuildConfiguration;
			baseConfigurationReference = 95A9058A2D4F3CA7FA7249B4 /* Pods-QuizApp.release.xcconfig */;
			buildSettings = {
				ASSETCATALOG_COMPILER_APPICON_NAME = AppIcon;
				CODE_SIGN_STYLE = Automatic;
				INFOPLIST_FILE = QuizApp/Info.plist;
				LD_RUNPATH_SEARCH_PATHS = (
					"$(inherited)",
					"@executable_path/Frameworks",
				);
				PRODUCT_BUNDLE_IDENTIFIER = com.omi.QuizApp;
				PRODUCT_NAME = "$(TARGET_NAME)";
				SWIFT_VERSION = 5.0;
				TARGETED_DEVICE_FAMILY = "1,2";
			};
			name = Release;
		};
/* End XCBuildConfiguration section */

/* Begin XCConfigurationList section */
		65855B19246747790042590C /* Build configuration list for PBXProject "QuizApp" */ = {
			isa = XCConfigurationList;
			buildConfigurations = (
				65855B302467477D0042590C /* Debug */,
				65855B312467477D0042590C /* Release */,
			);
			defaultConfigurationIsVisible = 0;
			defaultConfigurationName = Release;
		};
		65855B322467477D0042590C /* Build configuration list for PBXNativeTarget "QuizApp" */ = {
			isa = XCConfigurationList;
			buildConfigurations = (
				65855B332467477D0042590C /* Debug */,
				65855B342467477D0042590C /* Release */,
			);
			defaultConfigurationIsVisible = 0;
			defaultConfigurationName = Release;
		};
/* End XCConfigurationList section */
	};
	rootObject = 65855B16246747790042590C /* Project object */;
}
